// !$*UTF8*$!
{
	archiveVersion = 1;
	classes = {
	};
	objectVersion = 50;
	objects = {

/* Begin PBXBuildFile section */
		1F3696C024F95FD8003FB067 /* AppDelegate.swift in Sources */ = {isa = PBXBuildFile; fileRef = 1F3696BF24F95FD8003FB067 /* AppDelegate.swift */; };
		1F3696C224F95FD8003FB067 /* SceneDelegate.swift in Sources */ = {isa = PBXBuildFile; fileRef = 1F3696C124F95FD8003FB067 /* SceneDelegate.swift */; };
		1F3696C424F95FD8003FB067 /* ViewController.swift in Sources */ = {isa = PBXBuildFile; fileRef = 1F3696C324F95FD8003FB067 /* ViewController.swift */; };
		1F3696C724F95FD8003FB067 /* Main.storyboard in Resources */ = {isa = PBXBuildFile; fileRef = 1F3696C524F95FD8003FB067 /* Main.storyboard */; };
		1F3696C924F95FD9003FB067 /* Assets.xcassets in Resources */ = {isa = PBXBuildFile; fileRef = 1F3696C824F95FD9003FB067 /* Assets.xcassets */; };
		1F3696CC24F95FD9003FB067 /* LaunchScreen.storyboard in Resources */ = {isa = PBXBuildFile; fileRef = 1F3696CA24F95FD9003FB067 /* LaunchScreen.storyboard */; };
		1F3696D424F97662003FB067 /* DarkModeViewController.swift in Sources */ = {isa = PBXBuildFile; fileRef = 1F3696D324F97662003FB067 /* DarkModeViewController.swift */; };
		1F3696D624F976C1003FB067 /* InfoViewController.swift in Sources */ = {isa = PBXBuildFile; fileRef = 1F3696D524F976C1003FB067 /* InfoViewController.swift */; };
/* End PBXBuildFile section */

/* Begin PBXFileReference section */
		1F3696BC24F95FD7003FB067 /* ConverterTemperature.app */ = {isa = PBXFileReference; explicitFileType = wrapper.application; includeInIndex = 0; path = ConverterTemperature.app; sourceTree = BUILT_PRODUCTS_DIR; };
		1F3696BF24F95FD8003FB067 /* AppDelegate.swift */ = {isa = PBXFileReference; lastKnownFileType = sourcecode.swift; path = AppDelegate.swift; sourceTree = "<group>"; };
		1F3696C124F95FD8003FB067 /* SceneDelegate.swift */ = {isa = PBXFileReference; lastKnownFileType = sourcecode.swift; path = SceneDelegate.swift; sourceTree = "<group>"; };
		1F3696C324F95FD8003FB067 /* ViewController.swift */ = {isa = PBXFileReference; lastKnownFileType = sourcecode.swift; path = ViewController.swift; sourceTree = "<group>"; };
		1F3696C624F95FD8003FB067 /* Base */ = {isa = PBXFileReference; lastKnownFileType = file.storyboard; name = Base; path = Base.lproj/Main.storyboard; sourceTree = "<group>"; };
		1F3696C824F95FD9003FB067 /* Assets.xcassets */ = {isa = PBXFileReference; lastKnownFileType = folder.assetcatalog; path = Assets.xcassets; sourceTree = "<group>"; };
		1F3696CB24F95FD9003FB067 /* Base */ = {isa = PBXFileReference; lastKnownFileType = file.storyboard; name = Base; path = Base.lproj/LaunchScreen.storyboard; sourceTree = "<group>"; };
		1F3696CD24F95FD9003FB067 /* Info.plist */ = {isa = PBXFileReference; lastKnownFileType = text.plist.xml; path = Info.plist; sourceTree = "<group>"; };
		1F3696D324F97662003FB067 /* DarkModeViewController.swift */ = {isa = PBXFileReference; lastKnownFileType = sourcecode.swift; path = DarkModeViewController.swift; sourceTree = "<group>"; };
		1F3696D524F976C1003FB067 /* InfoViewController.swift */ = {isa = PBXFileReference; lastKnownFileType = sourcecode.swift; path = InfoViewController.swift; sourceTree = "<group>"; };
/* End PBXFileReference section */

/* Begin PBXFrameworksBuildPhase section */
		1F3696B924F95FD7003FB067 /* Frameworks */ = {
			isa = PBXFrameworksBuildPhase;
			buildActionMask = 2147483647;
			files = (
			);
			runOnlyForDeploymentPostprocessing = 0;
		};
/* End PBXFrameworksBuildPhase section */

/* Begin PBXGroup section */
		1F3696B324F95FD7003FB067 = {
			isa = PBXGroup;
			children = (
				1F3696BE24F95FD7003FB067 /* ConverterTemperature */,
				1F3696BD24F95FD7003FB067 /* Products */,
			);
			sourceTree = "<group>";
		};
		1F3696BD24F95FD7003FB067 /* Products */ = {
			isa = PBXGroup;
			children = (
				1F3696BC24F95FD7003FB067 /* ConverterTemperature.app */,
			);
			name = Products;
			sourceTree = "<group>";
		};
		1F3696BE24F95FD7003FB067 /* ConverterTemperature */ = {
			isa = PBXGroup;
			children = (
				1F3696BF24F95FD8003FB067 /* AppDelegate.swift */,
				1F3696C124F95FD8003FB067 /* SceneDelegate.swift */,
				1F3696C324F95FD8003FB067 /* ViewController.swift */,
				1F3696C524F95FD8003FB067 /* Main.storyboard */,
				1F3696D524F976C1003FB067 /* InfoViewController.swift */,
				1F3696D324F97662003FB067 /* DarkModeViewController.swift */,
				1F3696C824F95FD9003FB067 /* Assets.xcassets */,
				1F3696CA24F95FD9003FB067 /* LaunchScreen.storyboard */,
				1F3696CD24F95FD9003FB067 /* Info.plist */,
			);
			path = ConverterTemperature;
			sourceTree = "<group>";
		};
/* End PBXGroup section */

/* Begin PBXNativeTarget section */
		1F3696BB24F95FD7003FB067 /* ConverterTemperature */ = {
			isa = PBXNativeTarget;
			buildConfigurationList = 1F3696D024F95FD9003FB067 /* Build configuration list for PBXNativeTarget "ConverterTemperature" */;
			buildPhases = (
				1F3696B824F95FD7003FB067 /* Sources */,
				1F3696B924F95FD7003FB067 /* Frameworks */,
				1F3696BA24F95FD7003FB067 /* Resources */,
			);
			buildRules = (
			);
			dependencies = (
			);
			name = ConverterTemperature;
			productName = ConverterTemperature;
			productReference = 1F3696BC24F95FD7003FB067 /* ConverterTemperature.app */;
			productType = "com.apple.product-type.application";
		};
/* End PBXNativeTarget section */

/* Begin PBXProject section */
		1F3696B424F95FD7003FB067 /* Project object */ = {
			isa = PBXProject;
			attributes = {
				LastSwiftUpdateCheck = 1160;
				LastUpgradeCheck = 1160;
				ORGANIZATIONNAME = sindija.dzintare;
				TargetAttributes = {
					1F3696BB24F95FD7003FB067 = {
						CreatedOnToolsVersion = 11.6;
					};
				};
			};
			buildConfigurationList = 1F3696B724F95FD7003FB067 /* Build configuration list for PBXProject "ConverterTemperature" */;
			compatibilityVersion = "Xcode 9.3";
			developmentRegion = en;
			hasScannedForEncodings = 0;
			knownRegions = (
				en,
				Base,
			);
			mainGroup = 1F3696B324F95FD7003FB067;
			productRefGroup = 1F3696BD24F95FD7003FB067 /* Products */;
			projectDirPath = "";
			projectRoot = "";
			targets = (
				1F3696BB24F95FD7003FB067 /* ConverterTemperature */,
			);
		};
/* End PBXProject section */

/* Begin PBXResourcesBuildPhase section */
		1F3696BA24F95FD7003FB067 /* Resources */ = {
			isa = PBXResourcesBuildPhase;
			buildActionMask = 2147483647;
			files = (
				1F3696CC24F95FD9003FB067 /* LaunchScreen.storyboard in Resources */,
				1F3696C924F95FD9003FB067 /* Assets.xcassets in Resources */,
				1F3696C724F95FD8003FB067 /* Main.storyboard in Resources */,
			);
			runOnlyForDeploymentPostprocessing = 0;
		};
/* End PBXResourcesBuildPhase section */

/* Begin PBXSourcesBuildPhase section */
		1F3696B824F95FD7003FB067 /* Sources */ = {
			isa = PBXSourcesBuildPhase;
			buildActionMask = 2147483647;
			files = (
				1F3696C424F95FD8003FB067 /* ViewController.swift in Sources */,
				1F3696D424F97662003FB067 /* DarkModeViewController.swift in Sources */,
				1F3696C024F95FD8003FB067 /* AppDelegate.swift in Sources */,
				1F3696C224F95FD8003FB067 /* SceneDelegate.swift in Sources */,
				1F3696D624F976C1003FB067 /* InfoViewController.swift in Sources */,
			);
			runOnlyForDeploymentPostprocessing = 0;
		};
/* End PBXSourcesBuildPhase section */

/* Begin PBXVariantGroup section */
		1F3696C524F95FD8003FB067 /* Main.storyboard */ = {
			isa = PBXVariantGroup;
			children = (
				1F3696C624F95FD8003FB067 /* Base */,
			);
			name = Main.storyboard;
			sourceTree = "<group>";
		};
		1F3696CA24F95FD9003FB067 /* LaunchScreen.storyboard */ = {
			isa = PBXVariantGroup;
			children = (
				1F3696CB24F95FD9003FB067 /* Base */,
			);
			name = LaunchScreen.storyboard;
			sourceTree = "<group>";
		};
/* End PBXVariantGroup section */

/* Begin XCBuildConfiguration section */
		1F3696CE24F95FD9003FB067 /* Debug */ = {
			isa = XCBuildConfiguration;
			buildSettings = {
				ALWAYS_SEARCH_USER_PATHS = NO;
				CLANG_ANALYZER_NONNULL = YES;
				CLANG_ANALYZER_NUMBER_OBJECT_CONVERSION = YES_AGGRESSIVE;
				CLANG_CXX_LANGUAGE_STANDARD = "gnu++14";
				CLANG_CXX_LIBRARY = "libc++";
				CLANG_ENABLE_MODULES = YES;
				CLANG_ENABLE_OBJC_ARC = YES;
				CLANG_ENABLE_OBJC_WEAK = YES;
				CLANG_WARN_BLOCK_CAPTURE_AUTORELEASING = YES;
				CLANG_WARN_BOOL_CONVERSION = YES;
				CLANG_WARN_COMMA = YES;
				CLANG_WARN_CONSTANT_CONVERSION = YES;
				CLANG_WARN_DEPRECATED_OBJC_IMPLEMENTATIONS = YES;
				CLANG_WARN_DIRECT_OBJC_ISA_USAGE = YES_ERROR;
				CLANG_WARN_DOCUMENTATION_COMMENTS = YES;
				CLANG_WARN_EMPTY_BODY = YES;
				CLANG_WARN_ENUM_CONVERSION = YES;
				CLANG_WARN_INFINITE_RECURSION = YES;
				CLANG_WARN_INT_CONVERSION = YES;
				CLANG_WARN_NON_LITERAL_NULL_CONVERSION = YES;
				CLANG_WARN_OBJC_IMPLICIT_RETAIN_SELF = YES;
				CLANG_WARN_OBJC_LITERAL_CONVERSION = YES;
				CLANG_WARN_OBJC_ROOT_CLASS = YES_ERROR;
				CLANG_WARN_RANGE_LOOP_ANALYSIS = YES;
				CLANG_WARN_STRICT_PROTOTYPES = YES;
				CLANG_WARN_SUSPICIOUS_MOVE = YES;
				CLANG_WARN_UNGUARDED_AVAILABILITY = YES_AGGRESSIVE;
				CLANG_WARN_UNREACHABLE_CODE = YES;
				CLANG_WARN__DUPLICATE_METHOD_MATCH = YES;
				COPY_PHASE_STRIP = NO;
				DEBUG_INFORMATION_FORMAT = dwarf;
				ENABLE_STRICT_OBJC_MSGSEND = YES;
				ENABLE_TESTABILITY = YES;
				GCC_C_LANGUAGE_STANDARD = gnu11;
				GCC_DYNAMIC_NO_PIC = NO;
				GCC_NO_COMMON_BLOCKS = YES;
				GCC_OPTIMIZATION_LEVEL = 0;
				GCC_PREPROCESSOR_DEFINITIONS = (
					"DEBUG=1",
					"$(inherited)",
				);
				GCC_WARN_64_TO_32_BIT_CONVERSION = YES;
				GCC_WARN_ABOUT_RETURN_TYPE = YES_ERROR;
				GCC_WARN_UNDECLARED_SELECTOR = YES;
				GCC_WARN_UNINITIALIZED_AUTOS = YES_AGGRESSIVE;
				GCC_WARN_UNUSED_FUNCTION = YES;
				GCC_WARN_UNUSED_VARIABLE = YES;
				IPHONEOS_DEPLOYMENT_TARGET = 13.6;
				MTL_ENABLE_DEBUG_INFO = INCLUDE_SOURCE;
				MTL_FAST_MATH = YES;
				ONLY_ACTIVE_ARCH = YES;
				SDKROOT = iphoneos;
				SWIFT_ACTIVE_COMPILATION_CONDITIONS = DEBUG;
				SWIFT_OPTIMIZATION_LEVEL = "-Onone";
			};
			name = Debug;
		};
		1F3696CF24F95FD9003FB067 /* Release */ = {
			isa = XCBuildConfiguration;
			buildSettings = {
				ALWAYS_SEARCH_USER_PATHS = NO;
				CLANG_ANALYZER_NONNULL = YES;
				CLANG_ANALYZER_NUMBER_OBJECT_CONVERSION = YES_AGGRESSIVE;
				CLANG_CXX_LANGUAGE_STANDARD = "gnu++14";
				CLANG_CXX_LIBRARY = "libc++";
				CLANG_ENABLE_MODULES = YES;
				CLANG_ENABLE_OBJC_ARC = YES;
				CLANG_ENABLE_OBJC_WEAK = YES;
				CLANG_WARN_BLOCK_CAPTURE_AUTORELEASING = YES;
				CLANG_WARN_BOOL_CONVERSION = YES;
				CLANG_WARN_COMMA = YES;
				CLANG_WARN_CONSTANT_CONVERSION = YES;
				CLANG_WARN_DEPRECATED_OBJC_IMPLEMENTATIONS = YES;
				CLANG_WARN_DIRECT_OBJC_ISA_USAGE = YES_ERROR;
				CLANG_WARN_DOCUMENTATION_COMMENTS = YES;
				CLANG_WARN_EMPTY_BODY = YES;
				CLANG_WARN_ENUM_CONVERSION = YES;
				CLANG_WARN_INFINITE_RECURSION = YES;
				CLANG_WARN_INT_CONVERSION = YES;
				CLANG_WARN_NON_LITERAL_NULL_CONVERSION = YES;
				CLANG_WARN_OBJC_IMPLICIT_RETAIN_SELF = YES;
				CLANG_WARN_OBJC_LITERAL_CONVERSION = YES;
				CLANG_WARN_OBJC_ROOT_CLASS = YES_ERROR;
				CLANG_WARN_RANGE_LOOP_ANALYSIS = YES;
				CLANG_WARN_STRICT_PROTOTYPES = YES;
				CLANG_WARN_SUSPICIOUS_MOVE = YES;
				CLANG_WARN_UNGUARDED_AVAILABILITY = YES_AGGRESSIVE;
				CLANG_WARN_UNREACHABLE_CODE = YES;
				CLANG_WARN__DUPLICATE_METHOD_MATCH = YES;
				COPY_PHASE_STRIP = NO;
				DEBUG_INFORMATION_FORMAT = "dwarf-with-dsym";
				ENABLE_NS_ASSERTIONS = NO;
				ENABLE_STRICT_OBJC_MSGSEND = YES;
				GCC_C_LANGUAGE_STANDARD = gnu11;
				GCC_NO_COMMON_BLOCKS = YES;
				GCC_WARN_64_TO_32_BIT_CONVERSION = YES;
				GCC_WARN_ABOUT_RETURN_TYPE = YES_ERROR;
				GCC_WARN_UNDECLARED_SELECTOR = YES;
				GCC_WARN_UNINITIALIZED_AUTOS = YES_AGGRESSIVE;
				GCC_WARN_UNUSED_FUNCTION = YES;
				GCC_WARN_UNUSED_VARIABLE = YES;
				IPHONEOS_DEPLOYMENT_TARGET = 13.6;
				MTL_ENABLE_DEBUG_INFO = NO;
				MTL_FAST_MATH = YES;
				SDKROOT = iphoneos;
				SWIFT_COMPILATION_MODE = wholemodule;
				SWIFT_OPTIMIZATION_LEVEL = "-O";
				VALIDATE_PRODUCT = YES;
			};
			name = Release;
		};
		1F3696D124F95FD9003FB067 /* Debug */ = {
			isa = XCBuildConfiguration;
			buildSettings = {
				ASSETCATALOG_COMPILER_APPICON_NAME = AppIcon;
				CODE_SIGN_STYLE = Automatic;
				DEVELOPMENT_TEAM = V5AQVD3P26;
				INFOPLIST_FILE = ConverterTemperature/Info.plist;
				LD_RUNPATH_SEARCH_PATHS = (
					"$(inherited)",
					"@executable_path/Frameworks",
				);
				PRODUCT_BUNDLE_IDENTIFIER = lv.sidzapp.ConverterTemperature;
				PRODUCT_NAME = "$(TARGET_NAME)";
				SWIFT_VERSION = 5.0;
				TARGETED_DEVICE_FAMILY = "1,2";
			};
			name = Debug;
		};
		1F3696D224F95FD9003FB067 /* Release */ = {
			isa = XCBuildConfiguration;
			buildSettings = {
				ASSETCATALOG_COMPILER_APPICON_NAME = AppIcon;
				CODE_SIGN_STYLE = Automatic;
				DEVELOPMENT_TEAM = V5AQVD3P26;
				INFOPLIST_FILE = ConverterTemperature/Info.plist;
				LD_RUNPATH_SEARCH_PATHS = (
					"$(inherited)",
					"@executable_path/Frameworks",
				);
				PRODUCT_BUNDLE_IDENTIFIER = lv.sidzapp.ConverterTemperature;
				PRODUCT_NAME = "$(TARGET_NAME)";
				SWIFT_VERSION = 5.0;
				TARGETED_DEVICE_FAMILY = "1,2";
			};
			name = Release;
		};
/* End XCBuildConfiguration section */

/* Begin XCConfigurationList section */
		1F3696B724F95FD7003FB067 /* Build configuration list for PBXProject "ConverterTemperature" */ = {
			isa = XCConfigurationList;
			buildConfigurations = (
				1F3696CE24F95FD9003FB067 /* Debug */,
				1F3696CF24F95FD9003FB067 /* Release */,
			);
			defaultConfigurationIsVisible = 0;
			defaultConfigurationName = Release;
		};
		1F3696D024F95FD9003FB067 /* Build configuration list for PBXNativeTarget "ConverterTemperature" */ = {
			isa = XCConfigurationList;
			buildConfigurations = (
				1F3696D124F95FD9003FB067 /* Debug */,
				1F3696D224F95FD9003FB067 /* Release */,
			);
			defaultConfigurationIsVisible = 0;
			defaultConfigurationName = Release;
		};
/* End XCConfigurationList section */
	};
	rootObject = 1F3696B424F95FD7003FB067 /* Project object */;
}
